
Microsoft Visual Studio Solution File, Format Version 12.00
# Visual Studio Version 16
VisualStudioVersion = 16.0.31321.278
MinimumVisualStudioVersion = 10.0.40219.1
Project("{FAE04EC0-301F-11D3-BF4B-00C04F79EFBC}") = "stickman_", "stickman_.csproj", "{3B7B57AA-A15B-4F4A-A521-C6B495C5B34D}"
EndProject
Global
	GlobalSection(SolutionConfigurationPlatforms) = preSolution
		Debug|Any CPU = Debug|Any CPU
		Release|Any CPU = Release|Any CPU
	EndGlobalSection
	GlobalSection(ProjectConfigurationPlatforms) = postSolution
		{3B7B57AA-A15B-4F4A-A521-C6B495C5B34D}.Debug|Any CPU.ActiveCfg = Debug|Any CPU
		{3B7B57AA-A15B-4F4A-A521-C6B495C5B34D}.Debug|Any CPU.Build.0 = Debug|Any CPU
		{3B7B57AA-A15B-4F4A-A521-C6B495C5B34D}.Release|Any CPU.ActiveCfg = Release|Any CPU
		{3B7B57AA-A15B-4F4A-A521-C6B495C5B34D}.Release|Any CPU.Build.0 = Release|Any CPU
	EndGlobalSection
	GlobalSection(SolutionProperties) = preSolution
		HideSolutionNode = FALSE
	EndGlobalSection
	GlobalSection(ExtensibilityGlobals) = postSolution
		SolutionGuid = {A6684704-1A9B-4FEB-899F-350B0D78F38A}
	EndGlobalSection
EndGlobal
